
Microsoft Visual Studio Solution File, Format Version 12.00
# Visual Studio Version 17
VisualStudioVersion = 17.9.34607.119
MinimumVisualStudioVersion = 10.0.40219.1
Project("{9A19103F-16F7-4668-BE54-9A1E7A4F7556}") = "stefanini-prova", "stefanini-prova.csproj", "{6611B71A-98E6-48E4-8E5F-50195C191784}"
EndProject
Global
	GlobalSection(SolutionConfigurationPlatforms) = preSolution
		Debug|Any CPU = Debug|Any CPU
		Release|Any CPU = Release|Any CPU
	EndGlobalSection
	GlobalSection(ProjectConfigurationPlatforms) = postSolution
		{6611B71A-98E6-48E4-8E5F-50195C191784}.Debug|Any CPU.ActiveCfg = Debug|Any CPU
		{6611B71A-98E6-48E4-8E5F-50195C191784}.Debug|Any CPU.Build.0 = Debug|Any CPU
		{6611B71A-98E6-48E4-8E5F-50195C191784}.Release|Any CPU.ActiveCfg = Release|Any CPU
		{6611B71A-98E6-48E4-8E5F-50195C191784}.Release|Any CPU.Build.0 = Release|Any CPU
	EndGlobalSection
	GlobalSection(SolutionProperties) = preSolution
		HideSolutionNode = FALSE
	EndGlobalSection
	GlobalSection(ExtensibilityGlobals) = postSolution
		SolutionGuid = {3B2C05A7-A84C-47E4-9B67-F5541746B4B7}
	EndGlobalSection
EndGlobal
